github.com/BurntSushi/toml v0.3.1/go.mod h1:xHWCNGjB5oqiDr8zfno3MHue2Ht5sIBksp03qcyfWMU=
github.com/PuerkitoBio/goquery v1.6.1 h1:FgjbQZKl5HTmcn4sKBgvx8vv63nhyhIpv7lJpFGCWpk=
github.com/PuerkitoBio/goquery v1.6.1/go.mod h1:GsLWisAFVj4WgDibEWF4pvYnkVQBpKBKeU+7zCJoLcc=
github.com/andybalholm/cascadia v1.1.0/go.mod h1:GsXiBklL0woXo1j/WYWtSYYC4ouU9PqHO0sqidkEA4Y=
github.com/andybalholm/cascadia v1.2.0 h1:vuRCkM5Ozh/BfmsaTm26kbjm0mIOM3yS5Ek/F5h18aE=
github.com/andybalholm/cascadia v1.2.0/go.mod h